# Dependency Lock File — canonical, reproducible content hashes.
# Format:    <dir-name> | sha256
# Algorithm: docker/dep-hash.lisp — per-file SHA-256, sorted by
#            relative path, then SHA-256 of the manifest.
# Regenerate: sbcl --script scripts/gen-deps-lock.lisp
# Verify:     sbcl --script docker/verify-deps.lisp  (deps-verify stage)
# Hermetic: every dir under third-party/ is pinned (bijective). No network.
alexandria-20241012-git | 9f545925f6944cd7fc7f2d6811681bde5d3805df613bcc81cf4821c202ffb684
asdf-flv-v2.1 | 568ac63d9fcb3b32b0bf621638c5b5586fcf511bb134aba0d81645c3df2f3faf
babel-20241012-git | b5a2f0cc2a6dd7b373f9d53cb218b36d90aac9b4a4b0bcb682046e8480b69a0e
bordeaux-threads-v0.9.4 | 1e81538f3284a4b83d4820d110852249b19240a0135f45edb20e63f0a230301e
cffi-20250622-git | 36a37702bb5e9df34634173f768ec66deca1a01aa421246b329ce2625d5ee054
chipz-20230618-git | 72d2c52663d15a77588552915e4b92ad56788c4c13367c87f53920d6aa7ba083
chunga-20241012-git | fbc78d91f2b32312f50b09cb881265dfa7a8a53a9ed649b15ea3759b46e6bf81
cl+ssl-20250622-git | 2f17f84ee5bf78389af38b8c6c6315a854d41f8e091e4914d1587ecc078297c6
cl-annot-20150608-git | f6937414be516f1e693c505790708a0b864d9a14c0351c78628315491e6471ce
cl-base64-20201016-git | 2b45dfbde540873938a83374880162b382166fca1ddeea13cd8c1e60d3245aaf
cl-libyaml-20201016-git | cbfc8829d2a8271cef579753a16fed7bb53a0fa91e8449854e0a0e1613241b52
cl-ppcre-20250622-git | 9a94b112e0a76d6de61d20833bd072a2b4135956bd96a27192abb271cb4b26d6
cl-syntax-20150407-git | 6245a27e0a744836267e8e91a4ad690b432b92e780897eca2605bdd4fbca07f6
cl-yacc-20231210-git | ba4460fb3e2fb75831b2c9812cf2c777b9e1f504d360a2f95c22017ad926b6f8
cl-yaml-20201016-git | 60ce602e3322d3e95888cb84a43aa710e19cf4786e9b0c746f8feeb26b67a517
closer-mop-v1.0.0 | 5a72483767f940519c0b56165882678fbbafeb383a6609d0ffc68570c3f73cac
closure-common-20181018-git | bd2c99aef7cbb53f35f0ca40ddff36af741c10593a8991468c9b822969d5a6fc
cxml-20250622-git | b09d2c7c3f719a7710afb56adca53124b51a37b48c26a6cfa5594e206861499d
cxml-stp-20200325-git | f7a35c6b72733ec0c3e1ca469bedc3e0c2b34cb8219595d9a9a3a121591499ac
drakma-v2.0.10 | d1a013ca3276771b6fa17c59e16f96a589178b4d92c44b62f29b55ec12bc73fb
fast-io-20221106-git | f9a32f9cfb420d0f54fc873e4def3e4fa298d8ae306538673a931fb4dae0616b
fiveam-v1.4.3 | d175194832f4553c690e0cb9af76b756ee44f9ac61ad87e1c26cf90374b650e5
flexi-streams-20241012-git | adfa6fbc1dde61bd77588562334f6a1e92e7cccc26d6fb0f962c92c586210964
global-vars-20141106-git | 816626b18f5cd8a3e8282bd6440c1f88c3095d275821fbed8865263a65b762b1
ieee-floats | 0c5471aa0719971283807e571df616d067b29ed8be3debae8638a74bce4a69db
introspect-environment-20241012-git | 26ffb08cb210f16be010662172726f66a4b5a93d0cd7e50b1eb02df3433d69c2
ironclad-v0.61 | a1191b689fbd7be1c6b54e364fed491762afb2d2eec02bf6317e4d905158fe83
iterate-release-1.5 | cef012e274295c989759495f14b1ebe1eb64a2469a65bb65ce02575f16dec0d8
jonathan-20200925-git | a5266be83da13eeb11e6fa6fd3eb4f32e48861dc023449a9e9c2d7898695637d
lisp-namespace-git | 10d8ddcd7a2002fc28356c6b5299a64a76265aa1603cfd144a1a89254f3afdb2
local-time-20250622-git | 6ab76267fe9325d3563db7f23f71fbd01259a0317b86b2c325fedde694a932fc
log4cl-v1.1.2 | d409c09d10c1cd27d184bdb7c052c8a5729c162741cf613041a6b708e7cee212
lparallel-v2.8.4 | a6d5d5cc2ec81c4ce02405412cd7191d01415b6e6775febb3ce03bc90dc4b036
mgl-pax-20250622-git | 039cdef71b354696eeff950a8e803b2216145bb1cb1ea99eee85ddaf0f6011cc
named-readtables-20250622-git | 21e0d09ad9c655061bb4576cfb14e6484177f6a2b3e9f85a83bfa51c6d366bc9
parse-declarations-1.0 | 2c30fbee1d03c215f506cd40f965f18c9abd0201dad3551a53930c47cd8253a4
parse-number-v1.8 | 7404741ea9b63fe98d40f344d103dccdf154a808c875f94cf0564e04f91633a4
plexippus-xpath-20190521-git | d408472446bd89afe6efd78fc2922303bcbf214215971e25d2d264b57e57b8f7
proc-parse-20150923-git | 8b63dbb4ff47c6031eb7c1b911b5517d703862e122e96436cd37e8fe6ee96c93
puri-20201016-git | 7d7d1833d57ea2f1823207559cdf5d3bc48af23ea5fe826d8630250825b1be71
serapeum-20251125-git | 75665a18a2f0cb1be93a0443b78260d5615aead992d1cd975d8e1b211ca2c19d
split-sequence-v2.0.1 | 2ed04db4b906b50d0256150d477c8888afaf2fcbf59eeba93094dd117a724716
static-vectors-v1.9.3 | c795faaaa49cc6ee138d518678798d9ad58875b0618da1cb44a42cab6763a068
string-case-20241012-git | 03a9a99ed04decf6125b00501ac4c90763dd48853679375025be35a2d3023069
trivia-20241012-git | 2336e7c5ac2adc3562d55cdb983e57f11583d2d748c2cf606530b22e91e9ed58
trivial-backtrace-git | 4663e9f15d18465acaa286200aa24e73c92c957509753cccbe2e2f27549c44c2
trivial-cltl2-20211230-git | 3d78da8abc5e31b7a795551001462b59c70413a98349fbd699e0c7c0f53f5f8b
trivial-features-20250622-git | 99f8986f59072a4f063f75d639c16ac83e85c04fcbca650c4c468df8d9c00b38
trivial-file-size-20241012-git | 9fe5cae4a1d2fd1869de5c94349f235aba1f150efce6ecd25bd3f46823006e89
trivial-garbage-20231021-git | 9db4b1ce640072ee3da09e94c9c0acce2782e0e065caa9f23e3cfe154692a39d
trivial-gray-streams-20241012-git | fa0e036a0b77d20da7b78c9b38c78409cf31422e9db269b1bd91aac1736eb71a
trivial-macroexpand-all-20241012-git | fc11c0083d645e926280da4f7887a4db23735ede0e547f3ac5807a7a361e0f27
trivial-types-20120407-git | 83ba62812231573a89760e1c42e0b9be316faf5d501d488eecab880305daaf26
trivial-utf-8-git | ae54d65d433b265d96266467760dbacef60f181e32f42bec3eabb00afab45039
type-i-git | 321a4fcc5bab4842d8fa7c79619cf9c60388d89d7f26330d65d3384e96560929
usocket-0.8.8 | 4fb7cd3acd6ebbb068caebd16c0165788aaceb42c7e42929be47a850496fb08f
uuid-20231021 | bffa080e64df09c998492325f34b2f4f3c135c59febc18b24c65f60345230083
yason-20250622-git | 9fa1c4cfe43775d45868b382a1fed5783bb36850bd6de776a2d7d503dbffaa06
